<?xml version="1.0" encoding="utf-8"?>
<Project ToolsVersion="4.0" xmlns="http://schemas.microsoft.com/developer/msbuild/2003">
  <ItemGroup>
    <Filter Include="소스 파일">
      <UniqueIdentifier>{4FC737F1-C7A5-4376-A066-2A32D752A2FF}</UniqueIdentifier>
      <Extensions>cpp;c;cc;cxx;c++;cppm;ixx;def;odl;idl;hpj;bat;asm;asmx</Extensions>
    </Filter>
    <Filter Include="헤더 파일">
      <UniqueIdentifier>{93995380-89BD-4b04-88EB-625FBE52EBFB}</UniqueIdentifier>
      <Extensions>h;hh;hpp;hxx;h++;hm;inl;inc;ipp;xsd</Extensions>
    </Filter>
    <Filter Include="리소스 파일">
      <UniqueIdentifier>{67DA6AB6-F800-4c08-8B7A-83BB121AAD01}</UniqueIdentifier>
      <Extensions>rc;ico;cur;bmp;dlg;rc2;rct;bin;rgs;gif;jpg;jpeg;jpe;resx;tiff;tif;png;wav;mfcribbon-ms</Extensions>
    </Filter>
    <Filter Include="헤더 파일\graphic">
      <UniqueIdentifier>{61967669-e7a6-401b-a7b5-cc65c70b81cf}</UniqueIdentifier>
    </Filter>
    <Filter Include="헤더 파일\game">
      <UniqueIdentifier>{0939d950-710d-4acf-b0cc-5c91258fd195}</UniqueIdentifier>
    </Filter>
    <Filter Include="헤더 파일\game\initialize">
      <UniqueIdentifier>{c751fc94-7435-4965-b7ef-35ebc93774d9}</UniqueIdentifier>
    </Filter>
    <Filter Include="헤더 파일\graphic\interface">
      <UniqueIdentifier>{c5d549f8-3444-4c21-b4a2-ab741f12c54b}</UniqueIdentifier>
    </Filter>
    <Filter Include="헤더 파일\game\Utility">
      <UniqueIdentifier>{edb7a8f0-cd6e-44bf-9d18-3a38e47142ea}</UniqueIdentifier>
    </Filter>
    <Filter Include="헤더 파일\event">
      <UniqueIdentifier>{55c6c737-4fcd-4dc8-aaed-dd9ebad8e82e}</UniqueIdentifier>
    </Filter>
    <Filter Include="헤더 파일\game\data">
      <UniqueIdentifier>{ede76286-6070-4090-9625-c6cea0ace53a}</UniqueIdentifier>
    </Filter>
    <Filter Include="헤더 파일\graphic\GL">
      <UniqueIdentifier>{9c6c91d9-61a6-49d4-abab-f251ed91d3e0}</UniqueIdentifier>
    </Filter>
    <Filter Include="헤더 파일\game\stage">
      <UniqueIdentifier>{1d7baac3-5bff-4cbb-aa60-89d585de908f}</UniqueIdentifier>
    </Filter>
    <Filter Include="헤더 파일\graphic\GL\widget">
      <UniqueIdentifier>{62cf40fa-54ed-4a92-9a24-52e931f22235}</UniqueIdentifier>
    </Filter>
    <Filter Include="헤더 파일\game\logic">
      <UniqueIdentifier>{7b0b3204-2db6-48eb-b4c1-fd51fdd0d5dd}</UniqueIdentifier>
    </Filter>
    <Filter Include="헤더 파일\game\data\item">
      <UniqueIdentifier>{5bd67172-6e11-4d21-a0c9-535b3c29c8a4}</UniqueIdentifier>
    </Filter>
    <Filter Include="헤더 파일\game\data\item\equipment">
      <UniqueIdentifier>{667c2f5a-4e4c-4282-9c96-c1dadeda0a0f}</UniqueIdentifier>
    </Filter>
    <Filter Include="헤더 파일\graphic\in-game">
      <UniqueIdentifier>{03f7b25a-b2c0-4733-9f2d-42f5cd5f9f8a}</UniqueIdentifier>
    </Filter>
    <Filter Include="헤더 파일\graphic\GL\shader">
      <UniqueIdentifier>{43c9549a-3351-416b-b4fa-1b1dacd9586e}</UniqueIdentifier>
    </Filter>
    <Filter Include="헤더 파일\game\logic\managers">
      <UniqueIdentifier>{b4c6123c-df2a-422f-a288-b51bf711d4e0}</UniqueIdentifier>
    </Filter>
  </ItemGroup>
  <ItemGroup>
    <ClCompile Include="LUNE_HEROS_A.cpp">
      <Filter>소스 파일</Filter>
    </ClCompile>
    <ClCompile Include="GameWindow.cpp">
      <Filter>소스 파일</Filter>
    </ClCompile>
    <ClCompile Include="Resizable.cpp">
      <Filter>소스 파일</Filter>
    </ClCompile>
    <ClCompile Include="Utility.cpp">
      <Filter>소스 파일</Filter>
    </ClCompile>
    <ClCompile Include="Drawable.cpp">
      <Filter>소스 파일</Filter>
    </ClCompile>
    <ClCompile Include="Model.cpp">
      <Filter>소스 파일</Filter>
    </ClCompile>
    <ClCompile Include="Shader.cpp">
      <Filter>소스 파일</Filter>
    </ClCompile>
    <ClCompile Include="Stage.cpp">
      <Filter>소스 파일</Filter>
    </ClCompile>
    <ClCompile Include="TitleStage.cpp">
      <Filter>소스 파일</Filter>
    </ClCompile>
    <ClCompile Include="LivingModel.cpp">
      <Filter>소스 파일</Filter>
    </ClCompile>
    <ClCompile Include="Texture.cpp">
      <Filter>소스 파일</Filter>
    </ClCompile>
    <ClCompile Include="Button.cpp">
      <Filter>소스 파일</Filter>
    </ClCompile>
    <ClCompile Include="EventManager.cpp">
      <Filter>소스 파일</Filter>
    </ClCompile>
    <ClCompile Include="System.cpp">
      <Filter>소스 파일</Filter>
    </ClCompile>
    <ClCompile Include="Item.cpp">
      <Filter>소스 파일</Filter>
    </ClCompile>
    <ClCompile Include="Character.cpp">
      <Filter>소스 파일</Filter>
    </ClCompile>
    <ClCompile Include="StageManager.cpp">
      <Filter>소스 파일</Filter>
    </ClCompile>
  </ItemGroup>
  <ItemGroup>
    <ClInclude Include="stdafx.h">
      <Filter>헤더 파일</Filter>
    </ClInclude>
    <ClInclude Include="Init.h">
      <Filter>헤더 파일\game\initialize</Filter>
    </ClInclude>
    <ClInclude Include="GameWindow.h">
      <Filter>헤더 파일\graphic</Filter>
    </ClInclude>
    <ClInclude Include="Resizable.h">
      <Filter>헤더 파일\graphic\interface</Filter>
    </ClInclude>
    <ClInclude Include="Utility.h">
      <Filter>헤더 파일\game\Utility</Filter>
    </ClInclude>
    <ClInclude Include="EventManager.h">
      <Filter>헤더 파일\event</Filter>
    </ClInclude>
    <ClInclude Include="KeyboardEvent.h">
      <Filter>헤더 파일\event</Filter>
    </ClInclude>
    <ClInclude Include="WindowEvent.h">
      <Filter>헤더 파일\event</Filter>
    </ClInclude>
    <ClInclude Include="MouseEvent.h">
      <Filter>헤더 파일\event</Filter>
    </ClInclude>
    <ClInclude Include="Drawable.h">
      <Filter>헤더 파일\graphic\interface</Filter>
    </ClInclude>
    <ClInclude Include="Model.h">
      <Filter>헤더 파일\graphic\GL</Filter>
    </ClInclude>
    <ClInclude Include="Texture.h">
      <Filter>헤더 파일\graphic\GL</Filter>
    </ClInclude>
    <ClInclude Include="LivingModel.h">
      <Filter>헤더 파일\graphic\GL</Filter>
    </ClInclude>
    <ClInclude Include="TitleStage.h">
      <Filter>헤더 파일\game\stage</Filter>
    </ClInclude>
    <ClInclude Include="Stage.h">
      <Filter>헤더 파일\game\stage</Filter>
    </ClInclude>
    <ClInclude Include="Button.h">
      <Filter>헤더 파일\graphic\GL\widget</Filter>
    </ClInclude>
    <ClInclude Include="System.h">
      <Filter>헤더 파일\game\logic</Filter>
    </ClInclude>
    <ClInclude Include="Item.h">
      <Filter>헤더 파일\game\data\item</Filter>
    </ClInclude>
    <ClInclude Include="Prefix.h">
      <Filter>헤더 파일\game\data\item</Filter>
    </ClInclude>
    <ClInclude Include="Character.h">
      <Filter>헤더 파일\graphic\in-game</Filter>
    </ClInclude>
    <ClInclude Include="Shader.h">
      <Filter>헤더 파일\graphic\GL\shader</Filter>
    </ClInclude>
    <ClInclude Include="StageManager.h">
      <Filter>헤더 파일\game\logic\managers</Filter>
    </ClInclude>
  </ItemGroup>
</Project>